
Microsoft Visual Studio Solution File, Format Version 12.00
# Visual Studio 14
VisualStudioVersion = 14.0.25420.1
MinimumVisualStudioVersion = 10.0.40219.1
Project("{FAE04EC0-301F-11D3-BF4B-00C04F79EFBC}") = "SimpleFun31-IsSubstitutionCipherTest", "SimpleFun31-IsSubstitutionCipherTest\SimpleFun31-IsSubstitutionCipherTest.csproj", "{671FB026-9A13-4B6B-B3DC-002E1776618F}"
EndProject
Project("{FAE04EC0-301F-11D3-BF4B-00C04F79EFBC}") = "AreTheyTheSame", "AreTheyTheSame\AreTheyTheSame.csproj", "{728192B8-14A1-47FB-82F4-8D12857F1A4B}"
EndProject
Project("{FAE04EC0-301F-11D3-BF4B-00C04F79EFBC}") = "InvertValuesTest", "InvertValuesTest\InvertValuesTest.csproj", "{242C1627-D28F-49F5-90AF-105FC063129D}"
EndProject
Project("{FAE04EC0-301F-11D3-BF4B-00C04F79EFBC}") = "DescendingOrder", "DescendingOrder\DescendingOrder.csproj", "{B578F1C5-689C-4328-9F31-64A12FD8F7FF}"
EndProject
Project("{FAE04EC0-301F-11D3-BF4B-00C04F79EFBC}") = "FindTheNextPerfectSquareTest", "FindTheNextPerfectSquareTest\FindTheNextPerfectSquareTest.csproj", "{84970E6A-D583-4C29-B2BE-B78FA1C911AB}"
EndProject
Project("{FAE04EC0-301F-11D3-BF4B-00C04F79EFBC}") = "GreedIsGood", "GreedIsGood\GreedIsGood.csproj", "{60594311-6A28-464B-BCD8-DDF552271DD2}"
EndProject
Global
	GlobalSection(SolutionConfigurationPlatforms) = preSolution
		Debug|Any CPU = Debug|Any CPU
		Release|Any CPU = Release|Any CPU
	EndGlobalSection
	GlobalSection(ProjectConfigurationPlatforms) = postSolution
		{671FB026-9A13-4B6B-B3DC-002E1776618F}.Debug|Any CPU.ActiveCfg = Debug|Any CPU
		{671FB026-9A13-4B6B-B3DC-002E1776618F}.Debug|Any CPU.Build.0 = Debug|Any CPU
		{671FB026-9A13-4B6B-B3DC-002E1776618F}.Release|Any CPU.ActiveCfg = Release|Any CPU
		{671FB026-9A13-4B6B-B3DC-002E1776618F}.Release|Any CPU.Build.0 = Release|Any CPU
		{728192B8-14A1-47FB-82F4-8D12857F1A4B}.Debug|Any CPU.ActiveCfg = Debug|Any CPU
		{728192B8-14A1-47FB-82F4-8D12857F1A4B}.Debug|Any CPU.Build.0 = Debug|Any CPU
		{728192B8-14A1-47FB-82F4-8D12857F1A4B}.Release|Any CPU.ActiveCfg = Release|Any CPU
		{728192B8-14A1-47FB-82F4-8D12857F1A4B}.Release|Any CPU.Build.0 = Release|Any CPU
		{242C1627-D28F-49F5-90AF-105FC063129D}.Debug|Any CPU.ActiveCfg = Debug|Any CPU
		{242C1627-D28F-49F5-90AF-105FC063129D}.Debug|Any CPU.Build.0 = Debug|Any CPU
		{242C1627-D28F-49F5-90AF-105FC063129D}.Release|Any CPU.ActiveCfg = Release|Any CPU
		{242C1627-D28F-49F5-90AF-105FC063129D}.Release|Any CPU.Build.0 = Release|Any CPU
		{B578F1C5-689C-4328-9F31-64A12FD8F7FF}.Debug|Any CPU.ActiveCfg = Debug|Any CPU
		{B578F1C5-689C-4328-9F31-64A12FD8F7FF}.Debug|Any CPU.Build.0 = Debug|Any CPU
		{B578F1C5-689C-4328-9F31-64A12FD8F7FF}.Release|Any CPU.ActiveCfg = Release|Any CPU
		{B578F1C5-689C-4328-9F31-64A12FD8F7FF}.Release|Any CPU.Build.0 = Release|Any CPU
		{84970E6A-D583-4C29-B2BE-B78FA1C911AB}.Debug|Any CPU.ActiveCfg = Debug|Any CPU
		{84970E6A-D583-4C29-B2BE-B78FA1C911AB}.Debug|Any CPU.Build.0 = Debug|Any CPU
		{84970E6A-D583-4C29-B2BE-B78FA1C911AB}.Release|Any CPU.ActiveCfg = Release|Any CPU
		{84970E6A-D583-4C29-B2BE-B78FA1C911AB}.Release|Any CPU.Build.0 = Release|Any CPU
		{60594311-6A28-464B-BCD8-DDF552271DD2}.Debug|Any CPU.ActiveCfg = Debug|Any CPU
		{60594311-6A28-464B-BCD8-DDF552271DD2}.Debug|Any CPU.Build.0 = Debug|Any CPU
		{60594311-6A28-464B-BCD8-DDF552271DD2}.Release|Any CPU.ActiveCfg = Release|Any CPU
		{60594311-6A28-464B-BCD8-DDF552271DD2}.Release|Any CPU.Build.0 = Release|Any CPU
	EndGlobalSection
	GlobalSection(SolutionProperties) = preSolution
		HideSolutionNode = FALSE
	EndGlobalSection
EndGlobal
