
Microsoft Visual Studio Solution File, Format Version 12.00
# Visual Studio 14
VisualStudioVersion = 14.0.25420.1
MinimumVisualStudioVersion = 10.0.40219.1
Project("{FAE04EC0-301F-11D3-BF4B-00C04F79EFBC}") = "SimpleFun31-IsSubstitutionCipherTest", "SimpleFun31-IsSubstitutionCipherTest\SimpleFun31-IsSubstitutionCipherTest.csproj", "{671FB026-9A13-4B6B-B3DC-002E1776618F}"
EndProject
Project("{FAE04EC0-301F-11D3-BF4B-00C04F79EFBC}") = "AreTheyTheSame", "AreTheyTheSame\AreTheyTheSame.csproj", "{728192B8-14A1-47FB-82F4-8D12857F1A4B}"
EndProject
<<<<<<< HEAD
Project("{FAE04EC0-301F-11D3-BF4B-00C04F79EFBC}") = "InvertValuesTest", "InvertValuesTest\InvertValuesTest.csproj", "{242C1627-D28F-49F5-90AF-105FC063129D}"
EndProject
=======
>>>>>>> b2692e356e8ec9cdb22699ef5ba622aec795e7d8
Global
	GlobalSection(SolutionConfigurationPlatforms) = preSolution
		Debug|Any CPU = Debug|Any CPU
		Release|Any CPU = Release|Any CPU
	EndGlobalSection
	GlobalSection(ProjectConfigurationPlatforms) = postSolution
		{671FB026-9A13-4B6B-B3DC-002E1776618F}.Debug|Any CPU.ActiveCfg = Debug|Any CPU
		{671FB026-9A13-4B6B-B3DC-002E1776618F}.Debug|Any CPU.Build.0 = Debug|Any CPU
		{671FB026-9A13-4B6B-B3DC-002E1776618F}.Release|Any CPU.ActiveCfg = Release|Any CPU
		{671FB026-9A13-4B6B-B3DC-002E1776618F}.Release|Any CPU.Build.0 = Release|Any CPU
		{728192B8-14A1-47FB-82F4-8D12857F1A4B}.Debug|Any CPU.ActiveCfg = Debug|Any CPU
		{728192B8-14A1-47FB-82F4-8D12857F1A4B}.Debug|Any CPU.Build.0 = Debug|Any CPU
		{728192B8-14A1-47FB-82F4-8D12857F1A4B}.Release|Any CPU.ActiveCfg = Release|Any CPU
		{728192B8-14A1-47FB-82F4-8D12857F1A4B}.Release|Any CPU.Build.0 = Release|Any CPU
<<<<<<< HEAD
		{242C1627-D28F-49F5-90AF-105FC063129D}.Debug|Any CPU.ActiveCfg = Debug|Any CPU
		{242C1627-D28F-49F5-90AF-105FC063129D}.Debug|Any CPU.Build.0 = Debug|Any CPU
		{242C1627-D28F-49F5-90AF-105FC063129D}.Release|Any CPU.ActiveCfg = Release|Any CPU
		{242C1627-D28F-49F5-90AF-105FC063129D}.Release|Any CPU.Build.0 = Release|Any CPU
=======
>>>>>>> b2692e356e8ec9cdb22699ef5ba622aec795e7d8
	EndGlobalSection
	GlobalSection(SolutionProperties) = preSolution
		HideSolutionNode = FALSE
	EndGlobalSection
EndGlobal
